Microsoft Visual Studio Solution File, Format Version 12.00
# Visual Studio Version 17
VisualStudioVersion = 17.8.34330.188
MinimumVisualStudioVersion = 10.0.40219.1
Project("{FAE04EC0-301F-11D3-BF4B-00C04F79EFBC}") = "Domain", "src/Domain/Domain.csproj", "{80D9FB30-76EC-41FA-BC37-50A5A8DCFE8B}"
EndProject
Project("{FAE04EC0-301F-11D3-BF4B-00C04F79EFBC}") = "Infrastructure", "src/Infrastructure/Infrastructure.csproj", "{34E9002B-C1A1-4E08-A9E6-E2153A3C6EB4}"
EndProject
Project("{FAE04EC0-301F-11D3-BF4B-00C04F79EFBC}") = "Api", "src/Api/Api.csproj", "{14FA56EF-B972-4FD0-A818-315EAC73ED73}"
EndProject
Global
	GlobalSection(SolutionConfigurationPlatforms) = preSolution
		Debug|Any CPU = Debug|Any CPU
		Release|Any CPU = Release|Any CPU
	EndGlobalSection
	GlobalSection(ProjectConfigurationPlatforms) = postSolution
		{80D9FB30-76EC-41FA-BC37-50A5A8DCFE8B}.Debug|Any CPU.ActiveCfg = Debug|Any CPU
		{80D9FB30-76EC-41FA-BC37-50A5A8DCFE8B}.Debug|Any CPU.Build.0 = Debug|Any CPU
		{80D9FB30-76EC-41FA-BC37-50A5A8DCFE8B}.Release|Any CPU.ActiveCfg = Release|Any CPU
		{80D9FB30-76EC-41FA-BC37-50A5A8DCFE8B}.Release|Any CPU.Build.0 = Release|Any CPU
		{34E9002B-C1A1-4E08-A9E6-E2153A3C6EB4}.Debug|Any CPU.ActiveCfg = Debug|Any CPU
		{34E9002B-C1A1-4E08-A9E6-E2153A3C6EB4}.Debug|Any CPU.Build.0 = Debug|Any CPU
		{34E9002B-C1A1-4E08-A9E6-E2153A3C6EB4}.Release|Any CPU.ActiveCfg = Release|Any CPU
		{34E9002B-C1A1-4E08-A9E6-E2153A3C6EB4}.Release|Any CPU.Build.0 = Release|Any CPU
		{14FA56EF-B972-4FD0-A818-315EAC73ED73}.Debug|Any CPU.ActiveCfg = Debug|Any CPU
		{14FA56EF-B972-4FD0-A818-315EAC73ED73}.Debug|Any CPU.Build.0 = Debug|Any CPU
		{14FA56EF-B972-4FD0-A818-315EAC73ED73}.Release|Any CPU.ActiveCfg = Release|Any CPU
		{14FA56EF-B972-4FD0-A818-315EAC73ED73}.Release|Any CPU.Build.0 = Release|Any CPU
	EndGlobalSection
	GlobalSection(SolutionProperties) = preSolution
		HideSolutionNode = FALSE
	EndGlobalSection
EndGlobal
